
Microsoft Visual Studio Solution File, Format Version 12.00
# Visual Studio Version 16
VisualStudioVersion = 16.0.29201.188
MinimumVisualStudioVersion = 10.0.40219.1
Project("{FAE04EC0-301F-11D3-BF4B-00C04F79EFBC}") = "ContosoUniversity", "ContosoUniversity\ContosoUniversity.csproj", "{90D0D945-4416-430E-A9FE-348BE6A02026}"
EndProject
Global
	GlobalSection(SolutionConfigurationPlatforms) = preSolution
		Debug|Any CPU = Debug|Any CPU
		Release|Any CPU = Release|Any CPU
	EndGlobalSection
	GlobalSection(ProjectConfigurationPlatforms) = postSolution
		{90D0D945-4416-430E-A9FE-348BE6A02026}.Debug|Any CPU.ActiveCfg = Debug|Any CPU
		{90D0D945-4416-430E-A9FE-348BE6A02026}.Debug|Any CPU.Build.0 = Debug|Any CPU
		{90D0D945-4416-430E-A9FE-348BE6A02026}.Release|Any CPU.ActiveCfg = Release|Any CPU
		{90D0D945-4416-430E-A9FE-348BE6A02026}.Release|Any CPU.Build.0 = Release|Any CPU
	EndGlobalSection
	GlobalSection(SolutionProperties) = preSolution
		HideSolutionNode = FALSE
	EndGlobalSection
	GlobalSection(ExtensibilityGlobals) = postSolution
		SolutionGuid = {1D1122A1-CDD6-43E7-AD04-8F73C13C7C93}
	EndGlobalSection
EndGlobal
